
Microsoft Visual Studio Solution File, Format Version 12.00
# Visual Studio Version 17
VisualStudioVersion = 17.3.32901.215
MinimumVisualStudioVersion = 10.0.40219.1
Project("{9A19103F-16F7-4668-BE54-9A1E7A4F7556}") = "Ex4", "Ej4\Ex4.csproj", "{8043B5B8-26BC-4551-A9E0-B13B6BCDA34B}"
EndProject
Project("{9A19103F-16F7-4668-BE54-9A1E7A4F7556}") = "Ex5", "Ex5\Ex5.csproj", "{CD11830A-C9BA-4248-86A5-4259F7F0EDBD}"
EndProject
Project("{9A19103F-16F7-4668-BE54-9A1E7A4F7556}") = "Ex6", "Ex7\Ex6.csproj", "{F90F6F9E-C587-4EB8-914D-54FC5EDCB023}"
EndProject
Project("{FAE04EC0-301F-11D3-BF4B-00C04F79EFBC}") = "Eex7", "Eex7\Eex7.csproj", "{DFE5C609-7B64-4E4B-9C32-0EB5F5C6A204}"
EndProject
Global
	GlobalSection(SolutionConfigurationPlatforms) = preSolution
		Debug|Any CPU = Debug|Any CPU
		Release|Any CPU = Release|Any CPU
	EndGlobalSection
	GlobalSection(ProjectConfigurationPlatforms) = postSolution
		{8043B5B8-26BC-4551-A9E0-B13B6BCDA34B}.Debug|Any CPU.ActiveCfg = Debug|Any CPU
		{8043B5B8-26BC-4551-A9E0-B13B6BCDA34B}.Debug|Any CPU.Build.0 = Debug|Any CPU
		{8043B5B8-26BC-4551-A9E0-B13B6BCDA34B}.Release|Any CPU.ActiveCfg = Release|Any CPU
		{8043B5B8-26BC-4551-A9E0-B13B6BCDA34B}.Release|Any CPU.Build.0 = Release|Any CPU
		{CD11830A-C9BA-4248-86A5-4259F7F0EDBD}.Debug|Any CPU.ActiveCfg = Debug|Any CPU
		{CD11830A-C9BA-4248-86A5-4259F7F0EDBD}.Debug|Any CPU.Build.0 = Debug|Any CPU
		{CD11830A-C9BA-4248-86A5-4259F7F0EDBD}.Release|Any CPU.ActiveCfg = Release|Any CPU
		{CD11830A-C9BA-4248-86A5-4259F7F0EDBD}.Release|Any CPU.Build.0 = Release|Any CPU
		{F90F6F9E-C587-4EB8-914D-54FC5EDCB023}.Debug|Any CPU.ActiveCfg = Debug|Any CPU
		{F90F6F9E-C587-4EB8-914D-54FC5EDCB023}.Debug|Any CPU.Build.0 = Debug|Any CPU
		{F90F6F9E-C587-4EB8-914D-54FC5EDCB023}.Release|Any CPU.ActiveCfg = Release|Any CPU
		{F90F6F9E-C587-4EB8-914D-54FC5EDCB023}.Release|Any CPU.Build.0 = Release|Any CPU
		{DFE5C609-7B64-4E4B-9C32-0EB5F5C6A204}.Debug|Any CPU.ActiveCfg = Debug|Any CPU
		{DFE5C609-7B64-4E4B-9C32-0EB5F5C6A204}.Debug|Any CPU.Build.0 = Debug|Any CPU
		{DFE5C609-7B64-4E4B-9C32-0EB5F5C6A204}.Release|Any CPU.ActiveCfg = Release|Any CPU
		{DFE5C609-7B64-4E4B-9C32-0EB5F5C6A204}.Release|Any CPU.Build.0 = Release|Any CPU
	EndGlobalSection
	GlobalSection(SolutionProperties) = preSolution
		HideSolutionNode = FALSE
	EndGlobalSection
	GlobalSection(ExtensibilityGlobals) = postSolution
		SolutionGuid = {16A648BF-B6D8-48C4-91BF-4807EFAACD52}
	EndGlobalSection
EndGlobal
