
Microsoft Visual Studio Solution File, Format Version 12.00
# Visual Studio Version 17
VisualStudioVersion = 17.3.32901.215
MinimumVisualStudioVersion = 10.0.40219.1
Project("{9A19103F-16F7-4668-BE54-9A1E7A4F7556}") = "Ex5", "Ex5\Ex5.csproj", "{CD11830A-C9BA-4248-86A5-4259F7F0EDBD}"
EndProject
Project("{9A19103F-16F7-4668-BE54-9A1E7A4F7556}") = "Ex4", "Ex4\Ex4.csproj", "{390A0E3B-421E-4532-B4F3-081B6DFD9216}"
EndProject
Project("{9A19103F-16F7-4668-BE54-9A1E7A4F7556}") = "Ex6", "Ex6\Ex6.csproj", "{6482AF7D-ECBD-4EED-9E0F-19EA757F1D87}"
EndProject
Project("{9A19103F-16F7-4668-BE54-9A1E7A4F7556}") = "Ex7", "Ex7\Ex7.csproj", "{760ECD3D-8D69-4F1D-9DBC-80FF49F83EBB}"
EndProject
Global
	GlobalSection(SolutionConfigurationPlatforms) = preSolution
		Debug|Any CPU = Debug|Any CPU
		Release|Any CPU = Release|Any CPU
	EndGlobalSection
	GlobalSection(ProjectConfigurationPlatforms) = postSolution
		{CD11830A-C9BA-4248-86A5-4259F7F0EDBD}.Debug|Any CPU.ActiveCfg = Debug|Any CPU
		{CD11830A-C9BA-4248-86A5-4259F7F0EDBD}.Debug|Any CPU.Build.0 = Debug|Any CPU
		{CD11830A-C9BA-4248-86A5-4259F7F0EDBD}.Release|Any CPU.ActiveCfg = Release|Any CPU
		{CD11830A-C9BA-4248-86A5-4259F7F0EDBD}.Release|Any CPU.Build.0 = Release|Any CPU
		{390A0E3B-421E-4532-B4F3-081B6DFD9216}.Debug|Any CPU.ActiveCfg = Debug|Any CPU
		{390A0E3B-421E-4532-B4F3-081B6DFD9216}.Debug|Any CPU.Build.0 = Debug|Any CPU
		{390A0E3B-421E-4532-B4F3-081B6DFD9216}.Release|Any CPU.ActiveCfg = Release|Any CPU
		{390A0E3B-421E-4532-B4F3-081B6DFD9216}.Release|Any CPU.Build.0 = Release|Any CPU
		{6482AF7D-ECBD-4EED-9E0F-19EA757F1D87}.Debug|Any CPU.ActiveCfg = Debug|Any CPU
		{6482AF7D-ECBD-4EED-9E0F-19EA757F1D87}.Debug|Any CPU.Build.0 = Debug|Any CPU
		{6482AF7D-ECBD-4EED-9E0F-19EA757F1D87}.Release|Any CPU.ActiveCfg = Release|Any CPU
		{6482AF7D-ECBD-4EED-9E0F-19EA757F1D87}.Release|Any CPU.Build.0 = Release|Any CPU
		{760ECD3D-8D69-4F1D-9DBC-80FF49F83EBB}.Debug|Any CPU.ActiveCfg = Debug|Any CPU
		{760ECD3D-8D69-4F1D-9DBC-80FF49F83EBB}.Debug|Any CPU.Build.0 = Debug|Any CPU
		{760ECD3D-8D69-4F1D-9DBC-80FF49F83EBB}.Release|Any CPU.ActiveCfg = Release|Any CPU
		{760ECD3D-8D69-4F1D-9DBC-80FF49F83EBB}.Release|Any CPU.Build.0 = Release|Any CPU
	EndGlobalSection
	GlobalSection(SolutionProperties) = preSolution
		HideSolutionNode = FALSE
	EndGlobalSection
	GlobalSection(ExtensibilityGlobals) = postSolution
		SolutionGuid = {16A648BF-B6D8-48C4-91BF-4807EFAACD52}
	EndGlobalSection
EndGlobal
